
Microsoft Visual Studio Solution File, Format Version 12.00
# Visual Studio 15
Project("{FAE04EC0-301F-11D3-BF4B-00C04F79EFBC}") = "Assembly-CSharp", "Assembly-CSharp.csproj", "{DDF3CC7B-3818-DCAA-1BF6-75573D74CE87}"
EndProject
Global
	GlobalSection(SolutionConfigurationPlatforms) = preSolution
		Debug|Any CPU = Debug|Any CPU
		Release|Any CPU = Release|Any CPU
	EndGlobalSection
	GlobalSection(ProjectConfigurationPlatforms) = postSolution
		{DDF3CC7B-3818-DCAA-1BF6-75573D74CE87}.Debug|Any CPU.ActiveCfg = Debug|Any CPU
		{DDF3CC7B-3818-DCAA-1BF6-75573D74CE87}.Debug|Any CPU.Build.0 = Debug|Any CPU
		{DDF3CC7B-3818-DCAA-1BF6-75573D74CE87}.Release|Any CPU.ActiveCfg = Release|Any CPU
		{DDF3CC7B-3818-DCAA-1BF6-75573D74CE87}.Release|Any CPU.Build.0 = Release|Any CPU
	EndGlobalSection
	GlobalSection(SolutionProperties) = preSolution
		HideSolutionNode = FALSE
	EndGlobalSection
EndGlobal
