
Microsoft Visual Studio Solution File, Format Version 11.00
# Visual Studio 2010
Project("{FAE04EC0-301F-11D3-BF4B-00C04F79EFBC}") = "Assembly-CSharp", "Assembly-CSharp.csproj", "{7e0f6fd3-78ad-483f-4b69-7b6969d3af92}"
EndProject
Project("{FAE04EC0-301F-11D3-BF4B-00C04F79EFBC}") = "Assembly-CSharp-Editor", "Assembly-CSharp-Editor.csproj", "{84c537d5-7192-a8e7-6647-ff4f60b31189}"
EndProject
Global
	GlobalSection(SolutionConfigurationPlatforms) = preSolution
		Debug|Any CPU = Debug|Any CPU
		Release|Any CPU = Release|Any CPU
	EndGlobalSection
	GlobalSection(ProjectConfigurationPlatforms) = postSolution
		{7e0f6fd3-78ad-483f-4b69-7b6969d3af92}.Debug|Any CPU.ActiveCfg = Debug|Any CPU
		{7e0f6fd3-78ad-483f-4b69-7b6969d3af92}.Debug|Any CPU.Build.0 = Debug|Any CPU
		{7e0f6fd3-78ad-483f-4b69-7b6969d3af92}.Release|Any CPU.ActiveCfg = Release|Any CPU
		{7e0f6fd3-78ad-483f-4b69-7b6969d3af92}.Release|Any CPU.Build.0 = Release|Any CPU
		{84c537d5-7192-a8e7-6647-ff4f60b31189}.Debug|Any CPU.ActiveCfg = Debug|Any CPU
		{84c537d5-7192-a8e7-6647-ff4f60b31189}.Debug|Any CPU.Build.0 = Debug|Any CPU
		{84c537d5-7192-a8e7-6647-ff4f60b31189}.Release|Any CPU.ActiveCfg = Release|Any CPU
		{84c537d5-7192-a8e7-6647-ff4f60b31189}.Release|Any CPU.Build.0 = Release|Any CPU
	EndGlobalSection
	GlobalSection(SolutionProperties) = preSolution
		HideSolutionNode = FALSE
	EndGlobalSection
EndGlobal
