
Microsoft Visual Studio Solution File, Format Version 12.00
# Visual Studio 15
Project("{FAE04EC0-301F-11D3-BF4B-00C04F79EFBC}") = "Assembly-CSharp", "Assembly-CSharp.csproj", "{DDF3CC7B-3818-DCAA-1BF6-75573D74CE87}"
EndProject
Project("{FAE04EC0-301F-11D3-BF4B-00C04F79EFBC}") = "OEBIF", "OEBIF.csproj", "{44A6195B-37E9-812B-D5CD-60F3DF234318}"
EndProject
Project("{FAE04EC0-301F-11D3-BF4B-00C04F79EFBC}") = "Assembly-CSharp-Editor", "Assembly-CSharp-Editor.csproj", "{6332A944-1A87-B93B-CB1C-066F368F122D}"
EndProject
Project("{FAE04EC0-301F-11D3-BF4B-00C04F79EFBC}") = "Assembly-CSharp-Editor-firstpass", "Assembly-CSharp-Editor-firstpass.csproj", "{F77397E3-D802-150D-5890-132A83B8120E}"
EndProject
Global
	GlobalSection(SolutionConfigurationPlatforms) = preSolution
		Debug|Any CPU = Debug|Any CPU
		Release|Any CPU = Release|Any CPU
	EndGlobalSection
	GlobalSection(ProjectConfigurationPlatforms) = postSolution
		{DDF3CC7B-3818-DCAA-1BF6-75573D74CE87}.Debug|Any CPU.ActiveCfg = Debug|Any CPU
		{DDF3CC7B-3818-DCAA-1BF6-75573D74CE87}.Debug|Any CPU.Build.0 = Debug|Any CPU
		{DDF3CC7B-3818-DCAA-1BF6-75573D74CE87}.Release|Any CPU.ActiveCfg = Release|Any CPU
		{DDF3CC7B-3818-DCAA-1BF6-75573D74CE87}.Release|Any CPU.Build.0 = Release|Any CPU
		{44A6195B-37E9-812B-D5CD-60F3DF234318}.Debug|Any CPU.ActiveCfg = Debug|Any CPU
		{44A6195B-37E9-812B-D5CD-60F3DF234318}.Debug|Any CPU.Build.0 = Debug|Any CPU
		{44A6195B-37E9-812B-D5CD-60F3DF234318}.Release|Any CPU.ActiveCfg = Release|Any CPU
		{44A6195B-37E9-812B-D5CD-60F3DF234318}.Release|Any CPU.Build.0 = Release|Any CPU
		{6332A944-1A87-B93B-CB1C-066F368F122D}.Debug|Any CPU.ActiveCfg = Debug|Any CPU
		{6332A944-1A87-B93B-CB1C-066F368F122D}.Debug|Any CPU.Build.0 = Debug|Any CPU
		{6332A944-1A87-B93B-CB1C-066F368F122D}.Release|Any CPU.ActiveCfg = Release|Any CPU
		{6332A944-1A87-B93B-CB1C-066F368F122D}.Release|Any CPU.Build.0 = Release|Any CPU
		{F77397E3-D802-150D-5890-132A83B8120E}.Debug|Any CPU.ActiveCfg = Debug|Any CPU
		{F77397E3-D802-150D-5890-132A83B8120E}.Debug|Any CPU.Build.0 = Debug|Any CPU
		{F77397E3-D802-150D-5890-132A83B8120E}.Release|Any CPU.ActiveCfg = Release|Any CPU
		{F77397E3-D802-150D-5890-132A83B8120E}.Release|Any CPU.Build.0 = Release|Any CPU
	EndGlobalSection
	GlobalSection(SolutionProperties) = preSolution
		HideSolutionNode = FALSE
	EndGlobalSection
EndGlobal
